// !$*UTF8*$!
{
	archiveVersion = 1;
	classes = {
	};
	objectVersion = 52;
	objects = {

/* Begin PBXBuildFile section */
		3CFD51A940C5E34E8620D9BB /* awsconfiguration.json in Resources */ = {isa = PBXBuildFile; fileRef = D240A6920563EB6AD5E20AFB /* awsconfiguration.json */; };
		4367586BA5569992BC152C60 /* amplifyconfiguration.json in Resources */ = {isa = PBXBuildFile; fileRef = 0FDA196DD3D06D912C58D603 /* amplifyconfiguration.json */; };
		67102F4026DC414A00C435D7 /* ios_amplifyApp.swift in Sources */ = {isa = PBXBuildFile; fileRef = 67102F3F26DC414A00C435D7 /* ios_amplifyApp.swift */; };
		67102F4226DC414A00C435D7 /* ContentView.swift in Sources */ = {isa = PBXBuildFile; fileRef = 67102F4126DC414A00C435D7 /* ContentView.swift */; };
		67102F4426DC414B00C435D7 /* Assets.xcassets in Resources */ = {isa = PBXBuildFile; fileRef = 67102F4326DC414B00C435D7 /* Assets.xcassets */; };
		67102F4726DC414B00C435D7 /* Preview Assets.xcassets in Resources */ = {isa = PBXBuildFile; fileRef = 67102F4626DC414B00C435D7 /* Preview Assets.xcassets */; };
		67102F5226DC414C00C435D7 /* ios_amplifyTests.swift in Sources */ = {isa = PBXBuildFile; fileRef = 67102F5126DC414C00C435D7 /* ios_amplifyTests.swift */; };
		67102F5D26DC414C00C435D7 /* ios_amplifyUITests.swift in Sources */ = {isa = PBXBuildFile; fileRef = 67102F5C26DC414C00C435D7 /* ios_amplifyUITests.swift */; };
		67102F6C26DC42F000C435D7 /* Amplify in Frameworks */ = {isa = PBXBuildFile; productRef = 67102F6B26DC42F000C435D7 /* Amplify */; };
		67102F6E26DC42F000C435D7 /* AWSCognitoAuthPlugin in Frameworks */ = {isa = PBXBuildFile; productRef = 67102F6D26DC42F000C435D7 /* AWSCognitoAuthPlugin */; };
		67102F7026DC42F000C435D7 /* AWSS3StoragePlugin in Frameworks */ = {isa = PBXBuildFile; productRef = 67102F6F26DC42F000C435D7 /* AWSS3StoragePlugin */; };
		67102F7226DC42F000C435D7 /* AWSAPIPlugin in Frameworks */ = {isa = PBXBuildFile; productRef = 67102F7126DC42F000C435D7 /* AWSAPIPlugin */; };
		67102F7426DC42F000C435D7 /* AWSDataStorePlugin in Frameworks */ = {isa = PBXBuildFile; productRef = 67102F7326DC42F000C435D7 /* AWSDataStorePlugin */; };
/* End PBXBuildFile section */

/* Begin PBXContainerItemProxy section */
		67102F4E26DC414C00C435D7 /* PBXContainerItemProxy */ = {
			isa = PBXContainerItemProxy;
			containerPortal = 67102F3426DC414A00C435D7 /* Project object */;
			proxyType = 1;
			remoteGlobalIDString = 67102F3B26DC414A00C435D7;
			remoteInfo = "ios-amplify";
		};
		67102F5926DC414C00C435D7 /* PBXContainerItemProxy */ = {
			isa = PBXContainerItemProxy;
			containerPortal = 67102F3426DC414A00C435D7 /* Project object */;
			proxyType = 1;
			remoteGlobalIDString = 67102F3B26DC414A00C435D7;
			remoteInfo = "ios-amplify";
		};
/* End PBXContainerItemProxy section */

/* Begin PBXFileReference section */
		0FDA196DD3D06D912C58D603 /* amplifyconfiguration.json */ = {isa = PBXFileReference; explicitFileType = text.json; path = amplifyconfiguration.json; sourceTree = "<group>"; };
		67102F3C26DC414A00C435D7 /* ios-amplify.app */ = {isa = PBXFileReference; explicitFileType = wrapper.application; includeInIndex = 0; path = "ios-amplify.app"; sourceTree = BUILT_PRODUCTS_DIR; };
		67102F3F26DC414A00C435D7 /* ios_amplifyApp.swift */ = {isa = PBXFileReference; lastKnownFileType = sourcecode.swift; path = ios_amplifyApp.swift; sourceTree = "<group>"; };
		67102F4126DC414A00C435D7 /* ContentView.swift */ = {isa = PBXFileReference; lastKnownFileType = sourcecode.swift; path = ContentView.swift; sourceTree = "<group>"; };
		67102F4326DC414B00C435D7 /* Assets.xcassets */ = {isa = PBXFileReference; lastKnownFileType = folder.assetcatalog; path = Assets.xcassets; sourceTree = "<group>"; };
		67102F4626DC414B00C435D7 /* Preview Assets.xcassets */ = {isa = PBXFileReference; lastKnownFileType = folder.assetcatalog; path = "Preview Assets.xcassets"; sourceTree = "<group>"; };
		67102F4826DC414B00C435D7 /* Info.plist */ = {isa = PBXFileReference; lastKnownFileType = text.plist.xml; path = Info.plist; sourceTree = "<group>"; };
		67102F4D26DC414C00C435D7 /* ios-amplifyTests.xctest */ = {isa = PBXFileReference; explicitFileType = wrapper.cfbundle; includeInIndex = 0; path = "ios-amplifyTests.xctest"; sourceTree = BUILT_PRODUCTS_DIR; };
		67102F5126DC414C00C435D7 /* ios_amplifyTests.swift */ = {isa = PBXFileReference; lastKnownFileType = sourcecode.swift; path = ios_amplifyTests.swift; sourceTree = "<group>"; };
		67102F5326DC414C00C435D7 /* Info.plist */ = {isa = PBXFileReference; lastKnownFileType = text.plist.xml; path = Info.plist; sourceTree = "<group>"; };
		67102F5826DC414C00C435D7 /* ios-amplifyUITests.xctest */ = {isa = PBXFileReference; explicitFileType = wrapper.cfbundle; includeInIndex = 0; path = "ios-amplifyUITests.xctest"; sourceTree = BUILT_PRODUCTS_DIR; };
		67102F5C26DC414C00C435D7 /* ios_amplifyUITests.swift */ = {isa = PBXFileReference; lastKnownFileType = sourcecode.swift; path = ios_amplifyUITests.swift; sourceTree = "<group>"; };
		67102F5E26DC414C00C435D7 /* Info.plist */ = {isa = PBXFileReference; lastKnownFileType = text.plist.xml; path = Info.plist; sourceTree = "<group>"; };
		67102F7526DC9C1100C435D7 /* amplify-pull.sh */ = {isa = PBXFileReference; lastKnownFileType = text.script.sh; path = "amplify-pull.sh"; sourceTree = "<group>"; };
		D240A6920563EB6AD5E20AFB /* awsconfiguration.json */ = {isa = PBXFileReference; explicitFileType = text.json; path = awsconfiguration.json; sourceTree = "<group>"; };
/* End PBXFileReference section */

/* Begin PBXFrameworksBuildPhase section */
		67102F3926DC414A00C435D7 /* Frameworks */ = {
			isa = PBXFrameworksBuildPhase;
			buildActionMask = 2147483647;
			files = (
				67102F7226DC42F000C435D7 /* AWSAPIPlugin in Frameworks */,
				67102F6C26DC42F000C435D7 /* Amplify in Frameworks */,
				67102F6E26DC42F000C435D7 /* AWSCognitoAuthPlugin in Frameworks */,
				67102F7426DC42F000C435D7 /* AWSDataStorePlugin in Frameworks */,
				67102F7026DC42F000C435D7 /* AWSS3StoragePlugin in Frameworks */,
			);
			runOnlyForDeploymentPostprocessing = 0;
		};
		67102F4A26DC414C00C435D7 /* Frameworks */ = {
			isa = PBXFrameworksBuildPhase;
			buildActionMask = 2147483647;
			files = (
			);
			runOnlyForDeploymentPostprocessing = 0;
		};
		67102F5526DC414C00C435D7 /* Frameworks */ = {
			isa = PBXFrameworksBuildPhase;
			buildActionMask = 2147483647;
			files = (
			);
			runOnlyForDeploymentPostprocessing = 0;
		};
/* End PBXFrameworksBuildPhase section */

/* Begin PBXGroup section */
		67102F3326DC414A00C435D7 = {
			isa = PBXGroup;
			children = (
				67102F7526DC9C1100C435D7 /* amplify-pull.sh */,
				67102F3E26DC414A00C435D7 /* ios-amplify */,
				67102F5026DC414C00C435D7 /* ios-amplifyTests */,
				67102F5B26DC414C00C435D7 /* ios-amplifyUITests */,
				67102F3D26DC414A00C435D7 /* Products */,
				DABA5018D8F680F09B8ECA15 /* AmplifyConfig */,
			);
			sourceTree = "<group>";
		};
		67102F3D26DC414A00C435D7 /* Products */ = {
			isa = PBXGroup;
			children = (
				67102F3C26DC414A00C435D7 /* ios-amplify.app */,
				67102F4D26DC414C00C435D7 /* ios-amplifyTests.xctest */,
				67102F5826DC414C00C435D7 /* ios-amplifyUITests.xctest */,
			);
			name = Products;
			sourceTree = "<group>";
		};
		67102F3E26DC414A00C435D7 /* ios-amplify */ = {
			isa = PBXGroup;
			children = (
				67102F3F26DC414A00C435D7 /* ios_amplifyApp.swift */,
				67102F4126DC414A00C435D7 /* ContentView.swift */,
				67102F4326DC414B00C435D7 /* Assets.xcassets */,
				67102F4826DC414B00C435D7 /* Info.plist */,
				67102F4526DC414B00C435D7 /* Preview Content */,
			);
			path = "ios-amplify";
			sourceTree = "<group>";
		};
		67102F4526DC414B00C435D7 /* Preview Content */ = {
			isa = PBXGroup;
			children = (
				67102F4626DC414B00C435D7 /* Preview Assets.xcassets */,
			);
			path = "Preview Content";
			sourceTree = "<group>";
		};
		67102F5026DC414C00C435D7 /* ios-amplifyTests */ = {
			isa = PBXGroup;
			children = (
				67102F5126DC414C00C435D7 /* ios_amplifyTests.swift */,
				67102F5326DC414C00C435D7 /* Info.plist */,
			);
			path = "ios-amplifyTests";
			sourceTree = "<group>";
		};
		67102F5B26DC414C00C435D7 /* ios-amplifyUITests */ = {
			isa = PBXGroup;
			children = (
				67102F5C26DC414C00C435D7 /* ios_amplifyUITests.swift */,
				67102F5E26DC414C00C435D7 /* Info.plist */,
			);
			path = "ios-amplifyUITests";
			sourceTree = "<group>";
		};
		DABA5018D8F680F09B8ECA15 /* AmplifyConfig */ = {
			isa = PBXGroup;
			children = (
				D240A6920563EB6AD5E20AFB /* awsconfiguration.json */,
				0FDA196DD3D06D912C58D603 /* amplifyconfiguration.json */,
			);
			name = AmplifyConfig;
			sourceTree = "<group>";
		};
/* End PBXGroup section */

/* Begin PBXNativeTarget section */
		67102F3B26DC414A00C435D7 /* ios-amplify */ = {
			isa = PBXNativeTarget;
			buildConfigurationList = 67102F6126DC414C00C435D7 /* Build configuration list for PBXNativeTarget "ios-amplify" */;
			buildPhases = (
				67102F3826DC414A00C435D7 /* Sources */,
				67102F3926DC414A00C435D7 /* Frameworks */,
				67102F3A26DC414A00C435D7 /* Resources */,
			);
			buildRules = (
			);
			dependencies = (
			);
			name = "ios-amplify";
			packageProductDependencies = (
				67102F6B26DC42F000C435D7 /* Amplify */,
				67102F6D26DC42F000C435D7 /* AWSCognitoAuthPlugin */,
				67102F6F26DC42F000C435D7 /* AWSS3StoragePlugin */,
				67102F7126DC42F000C435D7 /* AWSAPIPlugin */,
				67102F7326DC42F000C435D7 /* AWSDataStorePlugin */,
			);
			productName = "ios-amplify";
			productReference = 67102F3C26DC414A00C435D7 /* ios-amplify.app */;
			productType = "com.apple.product-type.application";
		};
		67102F4C26DC414C00C435D7 /* ios-amplifyTests */ = {
			isa = PBXNativeTarget;
			buildConfigurationList = 67102F6426DC414C00C435D7 /* Build configuration list for PBXNativeTarget "ios-amplifyTests" */;
			buildPhases = (
				67102F4926DC414C00C435D7 /* Sources */,
				67102F4A26DC414C00C435D7 /* Frameworks */,
				67102F4B26DC414C00C435D7 /* Resources */,
			);
			buildRules = (
			);
			dependencies = (
				67102F4F26DC414C00C435D7 /* PBXTargetDependency */,
			);
			name = "ios-amplifyTests";
			productName = "ios-amplifyTests";
			productReference = 67102F4D26DC414C00C435D7 /* ios-amplifyTests.xctest */;
			productType = "com.apple.product-type.bundle.unit-test";
		};
		67102F5726DC414C00C435D7 /* ios-amplifyUITests */ = {
			isa = PBXNativeTarget;
			buildConfigurationList = 67102F6726DC414C00C435D7 /* Build configuration list for PBXNativeTarget "ios-amplifyUITests" */;
			buildPhases = (
				67102F5426DC414C00C435D7 /* Sources */,
				67102F5526DC414C00C435D7 /* Frameworks */,
				67102F5626DC414C00C435D7 /* Resources */,
			);
			buildRules = (
			);
			dependencies = (
				67102F5A26DC414C00C435D7 /* PBXTargetDependency */,
			);
			name = "ios-amplifyUITests";
			productName = "ios-amplifyUITests";
			productReference = 67102F5826DC414C00C435D7 /* ios-amplifyUITests.xctest */;
			productType = "com.apple.product-type.bundle.ui-testing";
		};
/* End PBXNativeTarget section */

/* Begin PBXProject section */
		67102F3426DC414A00C435D7 /* Project object */ = {
			isa = PBXProject;
			attributes = {
				LastSwiftUpdateCheck = 1250;
				LastUpgradeCheck = 1250;
				TargetAttributes = {
					67102F3B26DC414A00C435D7 = {
						CreatedOnToolsVersion = 12.5.1;
					};
					67102F4C26DC414C00C435D7 = {
						CreatedOnToolsVersion = 12.5.1;
						TestTargetID = 67102F3B26DC414A00C435D7;
					};
					67102F5726DC414C00C435D7 = {
						CreatedOnToolsVersion = 12.5.1;
						TestTargetID = 67102F3B26DC414A00C435D7;
					};
				};
			};
			buildConfigurationList = 67102F3726DC414A00C435D7 /* Build configuration list for PBXProject "ios-amplify" */;
			compatibilityVersion = "Xcode 9.3";
			developmentRegion = en;
			hasScannedForEncodings = 0;
			knownRegions = (
				en,
				Base,
			);
			mainGroup = 67102F3326DC414A00C435D7;
			packageReferences = (
				67102F6A26DC42F000C435D7 /* XCRemoteSwiftPackageReference "amplify-ios" */,
			);
			productRefGroup = 67102F3D26DC414A00C435D7 /* Products */;
			projectDirPath = "";
			projectRoot = "";
			targets = (
				67102F3B26DC414A00C435D7 /* ios-amplify */,
				67102F4C26DC414C00C435D7 /* ios-amplifyTests */,
				67102F5726DC414C00C435D7 /* ios-amplifyUITests */,
			);
		};
/* End PBXProject section */

/* Begin PBXResourcesBuildPhase section */
		67102F3A26DC414A00C435D7 /* Resources */ = {
			isa = PBXResourcesBuildPhase;
			buildActionMask = 2147483647;
			files = (
				67102F4726DC414B00C435D7 /* Preview Assets.xcassets in Resources */,
				67102F4426DC414B00C435D7 /* Assets.xcassets in Resources */,
				3CFD51A940C5E34E8620D9BB /* awsconfiguration.json in Resources */,
				4367586BA5569992BC152C60 /* amplifyconfiguration.json in Resources */,
			);
			runOnlyForDeploymentPostprocessing = 0;
		};
		67102F4B26DC414C00C435D7 /* Resources */ = {
			isa = PBXResourcesBuildPhase;
			buildActionMask = 2147483647;
			files = (
			);
			runOnlyForDeploymentPostprocessing = 0;
		};
		67102F5626DC414C00C435D7 /* Resources */ = {
			isa = PBXResourcesBuildPhase;
			buildActionMask = 2147483647;
			files = (
			);
			runOnlyForDeploymentPostprocessing = 0;
		};
/* End PBXResourcesBuildPhase section */

/* Begin PBXSourcesBuildPhase section */
		67102F3826DC414A00C435D7 /* Sources */ = {
			isa = PBXSourcesBuildPhase;
			buildActionMask = 2147483647;
			files = (
				67102F4226DC414A00C435D7 /* ContentView.swift in Sources */,
				67102F4026DC414A00C435D7 /* ios_amplifyApp.swift in Sources */,
			);
			runOnlyForDeploymentPostprocessing = 0;
		};
		67102F4926DC414C00C435D7 /* Sources */ = {
			isa = PBXSourcesBuildPhase;
			buildActionMask = 2147483647;
			files = (
				67102F5226DC414C00C435D7 /* ios_amplifyTests.swift in Sources */,
			);
			runOnlyForDeploymentPostprocessing = 0;
		};
		67102F5426DC414C00C435D7 /* Sources */ = {
			isa = PBXSourcesBuildPhase;
			buildActionMask = 2147483647;
			files = (
				67102F5D26DC414C00C435D7 /* ios_amplifyUITests.swift in Sources */,
			);
			runOnlyForDeploymentPostprocessing = 0;
		};
/* End PBXSourcesBuildPhase section */

/* Begin PBXTargetDependency section */
		67102F4F26DC414C00C435D7 /* PBXTargetDependency */ = {
			isa = PBXTargetDependency;
			target = 67102F3B26DC414A00C435D7 /* ios-amplify */;
			targetProxy = 67102F4E26DC414C00C435D7 /* PBXContainerItemProxy */;
		};
		67102F5A26DC414C00C435D7 /* PBXTargetDependency */ = {
			isa = PBXTargetDependency;
			target = 67102F3B26DC414A00C435D7 /* ios-amplify */;
			targetProxy = 67102F5926DC414C00C435D7 /* PBXContainerItemProxy */;
		};
/* End PBXTargetDependency section */

/* Begin XCBuildConfiguration section */
		67102F5F26DC414C00C435D7 /* Debug */ = {
			isa = XCBuildConfiguration;
			buildSettings = {
				ALWAYS_SEARCH_USER_PATHS = NO;
				CLANG_ANALYZER_NONNULL = YES;
				CLANG_ANALYZER_NUMBER_OBJECT_CONVERSION = YES_AGGRESSIVE;
				CLANG_CXX_LANGUAGE_STANDARD = "gnu++14";
				CLANG_CXX_LIBRARY = "libc++";
				CLANG_ENABLE_MODULES = YES;
				CLANG_ENABLE_OBJC_ARC = YES;
				CLANG_ENABLE_OBJC_WEAK = YES;
				CLANG_WARN_BLOCK_CAPTURE_AUTORELEASING = YES;
				CLANG_WARN_BOOL_CONVERSION = YES;
				CLANG_WARN_COMMA = YES;
				CLANG_WARN_CONSTANT_CONVERSION = YES;
				CLANG_WARN_DEPRECATED_OBJC_IMPLEMENTATIONS = YES;
				CLANG_WARN_DIRECT_OBJC_ISA_USAGE = YES_ERROR;
				CLANG_WARN_DOCUMENTATION_COMMENTS = YES;
				CLANG_WARN_EMPTY_BODY = YES;
				CLANG_WARN_ENUM_CONVERSION = YES;
				CLANG_WARN_INFINITE_RECURSION = YES;
				CLANG_WARN_INT_CONVERSION = YES;
				CLANG_WARN_NON_LITERAL_NULL_CONVERSION = YES;
				CLANG_WARN_OBJC_IMPLICIT_RETAIN_SELF = YES;
				CLANG_WARN_OBJC_LITERAL_CONVERSION = YES;
				CLANG_WARN_OBJC_ROOT_CLASS = YES_ERROR;
				CLANG_WARN_QUOTED_INCLUDE_IN_FRAMEWORK_HEADER = YES;
				CLANG_WARN_RANGE_LOOP_ANALYSIS = YES;
				CLANG_WARN_STRICT_PROTOTYPES = YES;
				CLANG_WARN_SUSPICIOUS_MOVE = YES;
				CLANG_WARN_UNGUARDED_AVAILABILITY = YES_AGGRESSIVE;
				CLANG_WARN_UNREACHABLE_CODE = YES;
				CLANG_WARN__DUPLICATE_METHOD_MATCH = YES;
				COPY_PHASE_STRIP = NO;
				DEBUG_INFORMATION_FORMAT = dwarf;
				ENABLE_STRICT_OBJC_MSGSEND = YES;
				ENABLE_TESTABILITY = YES;
				GCC_C_LANGUAGE_STANDARD = gnu11;
				GCC_DYNAMIC_NO_PIC = NO;
				GCC_NO_COMMON_BLOCKS = YES;
				GCC_OPTIMIZATION_LEVEL = 0;
				GCC_PREPROCESSOR_DEFINITIONS = (
					"DEBUG=1",
					"$(inherited)",
				);
				GCC_WARN_64_TO_32_BIT_CONVERSION = YES;
				GCC_WARN_ABOUT_RETURN_TYPE = YES_ERROR;
				GCC_WARN_UNDECLARED_SELECTOR = YES;
				GCC_WARN_UNINITIALIZED_AUTOS = YES_AGGRESSIVE;
				GCC_WARN_UNUSED_FUNCTION = YES;
				GCC_WARN_UNUSED_VARIABLE = YES;
				IPHONEOS_DEPLOYMENT_TARGET = 14.5;
				MTL_ENABLE_DEBUG_INFO = INCLUDE_SOURCE;
				MTL_FAST_MATH = YES;
				ONLY_ACTIVE_ARCH = YES;
				SDKROOT = iphoneos;
				SWIFT_ACTIVE_COMPILATION_CONDITIONS = DEBUG;
				SWIFT_OPTIMIZATION_LEVEL = "-Onone";
			};
			name = Debug;
		};
		67102F6026DC414C00C435D7 /* Release */ = {
			isa = XCBuildConfiguration;
			buildSettings = {
				ALWAYS_SEARCH_USER_PATHS = NO;
				CLANG_ANALYZER_NONNULL = YES;
				CLANG_ANALYZER_NUMBER_OBJECT_CONVERSION = YES_AGGRESSIVE;
				CLANG_CXX_LANGUAGE_STANDARD = "gnu++14";
				CLANG_CXX_LIBRARY = "libc++";
				CLANG_ENABLE_MODULES = YES;
				CLANG_ENABLE_OBJC_ARC = YES;
				CLANG_ENABLE_OBJC_WEAK = YES;
				CLANG_WARN_BLOCK_CAPTURE_AUTORELEASING = YES;
				CLANG_WARN_BOOL_CONVERSION = YES;
				CLANG_WARN_COMMA = YES;
				CLANG_WARN_CONSTANT_CONVERSION = YES;
				CLANG_WARN_DEPRECATED_OBJC_IMPLEMENTATIONS = YES;
				CLANG_WARN_DIRECT_OBJC_ISA_USAGE = YES_ERROR;
				CLANG_WARN_DOCUMENTATION_COMMENTS = YES;
				CLANG_WARN_EMPTY_BODY = YES;
				CLANG_WARN_ENUM_CONVERSION = YES;
				CLANG_WARN_INFINITE_RECURSION = YES;
				CLANG_WARN_INT_CONVERSION = YES;
				CLANG_WARN_NON_LITERAL_NULL_CONVERSION = YES;
				CLANG_WARN_OBJC_IMPLICIT_RETAIN_SELF = YES;
				CLANG_WARN_OBJC_LITERAL_CONVERSION = YES;
				CLANG_WARN_OBJC_ROOT_CLASS = YES_ERROR;
				CLANG_WARN_QUOTED_INCLUDE_IN_FRAMEWORK_HEADER = YES;
				CLANG_WARN_RANGE_LOOP_ANALYSIS = YES;
				CLANG_WARN_STRICT_PROTOTYPES = YES;
				CLANG_WARN_SUSPICIOUS_MOVE = YES;
				CLANG_WARN_UNGUARDED_AVAILABILITY = YES_AGGRESSIVE;
				CLANG_WARN_UNREACHABLE_CODE = YES;
				CLANG_WARN__DUPLICATE_METHOD_MATCH = YES;
				COPY_PHASE_STRIP = NO;
				DEBUG_INFORMATION_FORMAT = "dwarf-with-dsym";
				ENABLE_NS_ASSERTIONS = NO;
				ENABLE_STRICT_OBJC_MSGSEND = YES;
				GCC_C_LANGUAGE_STANDARD = gnu11;
				GCC_NO_COMMON_BLOCKS = YES;
				GCC_WARN_64_TO_32_BIT_CONVERSION = YES;
				GCC_WARN_ABOUT_RETURN_TYPE = YES_ERROR;
				GCC_WARN_UNDECLARED_SELECTOR = YES;
				GCC_WARN_UNINITIALIZED_AUTOS = YES_AGGRESSIVE;
				GCC_WARN_UNUSED_FUNCTION = YES;
				GCC_WARN_UNUSED_VARIABLE = YES;
				IPHONEOS_DEPLOYMENT_TARGET = 14.5;
				MTL_ENABLE_DEBUG_INFO = NO;
				MTL_FAST_MATH = YES;
				SDKROOT = iphoneos;
				SWIFT_COMPILATION_MODE = wholemodule;
				SWIFT_OPTIMIZATION_LEVEL = "-O";
				VALIDATE_PRODUCT = YES;
			};
			name = Release;
		};
		67102F6226DC414C00C435D7 /* Debug */ = {
			isa = XCBuildConfiguration;
			buildSettings = {
				ASSETCATALOG_COMPILER_APPICON_NAME = AppIcon;
				ASSETCATALOG_COMPILER_GLOBAL_ACCENT_COLOR_NAME = AccentColor;
				CODE_SIGN_STYLE = Automatic;
				DEVELOPMENT_ASSET_PATHS = "\"ios-amplify/Preview Content\"";
				ENABLE_PREVIEWS = YES;
				INFOPLIST_FILE = "ios-amplify/Info.plist";
				IPHONEOS_DEPLOYMENT_TARGET = 14.0;
				LD_RUNPATH_SEARCH_PATHS = (
					"$(inherited)",
					"@executable_path/Frameworks",
				);
				PRODUCT_BUNDLE_IDENTIFIER = "cleta.io.ios-amplify";
				PRODUCT_NAME = "$(TARGET_NAME)";
				SWIFT_VERSION = 5.0;
				TARGETED_DEVICE_FAMILY = "1,2";
			};
			name = Debug;
		};
		67102F6326DC414C00C435D7 /* Release */ = {
			isa = XCBuildConfiguration;
			buildSettings = {
				ASSETCATALOG_COMPILER_APPICON_NAME = AppIcon;
				ASSETCATALOG_COMPILER_GLOBAL_ACCENT_COLOR_NAME = AccentColor;
				CODE_SIGN_STYLE = Automatic;
				DEVELOPMENT_ASSET_PATHS = "\"ios-amplify/Preview Content\"";
				ENABLE_PREVIEWS = YES;
				INFOPLIST_FILE = "ios-amplify/Info.plist";
				IPHONEOS_DEPLOYMENT_TARGET = 14.0;
				LD_RUNPATH_SEARCH_PATHS = (
					"$(inherited)",
					"@executable_path/Frameworks",
				);
				PRODUCT_BUNDLE_IDENTIFIER = "cleta.io.ios-amplify";
				PRODUCT_NAME = "$(TARGET_NAME)";
				SWIFT_VERSION = 5.0;
				TARGETED_DEVICE_FAMILY = "1,2";
			};
			name = Release;
		};
		67102F6526DC414C00C435D7 /* Debug */ = {
			isa = XCBuildConfiguration;
			buildSettings = {
				ALWAYS_EMBED_SWIFT_STANDARD_LIBRARIES = YES;
				BUNDLE_LOADER = "$(TEST_HOST)";
				CODE_SIGN_STYLE = Automatic;
				INFOPLIST_FILE = "ios-amplifyTests/Info.plist";
				IPHONEOS_DEPLOYMENT_TARGET = 14.0;
				LD_RUNPATH_SEARCH_PATHS = (
					"$(inherited)",
					"@executable_path/Frameworks",
					"@loader_path/Frameworks",
				);
				PRODUCT_BUNDLE_IDENTIFIER = "cleta.io.ios-amplifyTests";
				PRODUCT_NAME = "$(TARGET_NAME)";
				SWIFT_VERSION = 5.0;
				TARGETED_DEVICE_FAMILY = "1,2";
				TEST_HOST = "$(BUILT_PRODUCTS_DIR)/ios-amplify.app/ios-amplify";
			};
			name = Debug;
		};
		67102F6626DC414C00C435D7 /* Release */ = {
			isa = XCBuildConfiguration;
			buildSettings = {
				ALWAYS_EMBED_SWIFT_STANDARD_LIBRARIES = YES;
				BUNDLE_LOADER = "$(TEST_HOST)";
				CODE_SIGN_STYLE = Automatic;
				INFOPLIST_FILE = "ios-amplifyTests/Info.plist";
				IPHONEOS_DEPLOYMENT_TARGET = 14.0;
				LD_RUNPATH_SEARCH_PATHS = (
					"$(inherited)",
					"@executable_path/Frameworks",
					"@loader_path/Frameworks",
				);
				PRODUCT_BUNDLE_IDENTIFIER = "cleta.io.ios-amplifyTests";
				PRODUCT_NAME = "$(TARGET_NAME)";
				SWIFT_VERSION = 5.0;
				TARGETED_DEVICE_FAMILY = "1,2";
				TEST_HOST = "$(BUILT_PRODUCTS_DIR)/ios-amplify.app/ios-amplify";
			};
			name = Release;
		};
		67102F6826DC414C00C435D7 /* Debug */ = {
			isa = XCBuildConfiguration;
			buildSettings = {
				ALWAYS_EMBED_SWIFT_STANDARD_LIBRARIES = YES;
				CODE_SIGN_STYLE = Automatic;
				INFOPLIST_FILE = "ios-amplifyUITests/Info.plist";
				LD_RUNPATH_SEARCH_PATHS = (
					"$(inherited)",
					"@executable_path/Frameworks",
					"@loader_path/Frameworks",
				);
				PRODUCT_BUNDLE_IDENTIFIER = "cleta.io.ios-amplifyUITests";
				PRODUCT_NAME = "$(TARGET_NAME)";
				SWIFT_VERSION = 5.0;
				TARGETED_DEVICE_FAMILY = "1,2";
				TEST_TARGET_NAME = "ios-amplify";
			};
			name = Debug;
		};
		67102F6926DC414C00C435D7 /* Release */ = {
			isa = XCBuildConfiguration;
			buildSettings = {
				ALWAYS_EMBED_SWIFT_STANDARD_LIBRARIES = YES;
				CODE_SIGN_STYLE = Automatic;
				INFOPLIST_FILE = "ios-amplifyUITests/Info.plist";
				LD_RUNPATH_SEARCH_PATHS = (
					"$(inherited)",
					"@executable_path/Frameworks",
					"@loader_path/Frameworks",
				);
				PRODUCT_BUNDLE_IDENTIFIER = "cleta.io.ios-amplifyUITests";
				PRODUCT_NAME = "$(TARGET_NAME)";
				SWIFT_VERSION = 5.0;
				TARGETED_DEVICE_FAMILY = "1,2";
				TEST_TARGET_NAME = "ios-amplify";
			};
			name = Release;
		};
/* End XCBuildConfiguration section */

/* Begin XCConfigurationList section */
		67102F3726DC414A00C435D7 /* Build configuration list for PBXProject "ios-amplify" */ = {
			isa = XCConfigurationList;
			buildConfigurations = (
				67102F5F26DC414C00C435D7 /* Debug */,
				67102F6026DC414C00C435D7 /* Release */,
			);
			defaultConfigurationIsVisible = 0;
			defaultConfigurationName = Release;
		};
		67102F6126DC414C00C435D7 /* Build configuration list for PBXNativeTarget "ios-amplify" */ = {
			isa = XCConfigurationList;
			buildConfigurations = (
				67102F6226DC414C00C435D7 /* Debug */,
				67102F6326DC414C00C435D7 /* Release */,
			);
			defaultConfigurationIsVisible = 0;
			defaultConfigurationName = Release;
		};
		67102F6426DC414C00C435D7 /* Build configuration list for PBXNativeTarget "ios-amplifyTests" */ = {
			isa = XCConfigurationList;
			buildConfigurations = (
				67102F6526DC414C00C435D7 /* Debug */,
				67102F6626DC414C00C435D7 /* Release */,
			);
			defaultConfigurationIsVisible = 0;
			defaultConfigurationName = Release;
		};
		67102F6726DC414C00C435D7 /* Build configuration list for PBXNativeTarget "ios-amplifyUITests" */ = {
			isa = XCConfigurationList;
			buildConfigurations = (
				67102F6826DC414C00C435D7 /* Debug */,
				67102F6926DC414C00C435D7 /* Release */,
			);
			defaultConfigurationIsVisible = 0;
			defaultConfigurationName = Release;
		};
/* End XCConfigurationList section */

/* Begin XCRemoteSwiftPackageReference section */
		67102F6A26DC42F000C435D7 /* XCRemoteSwiftPackageReference "amplify-ios" */ = {
			isa = XCRemoteSwiftPackageReference;
			repositoryURL = "https://github.com/aws-amplify/amplify-ios";
			requirement = {
				kind = upToNextMajorVersion;
				minimumVersion = 1.13.4;
			};
		};
/* End XCRemoteSwiftPackageReference section */

/* Begin XCSwiftPackageProductDependency section */
		67102F6B26DC42F000C435D7 /* Amplify */ = {
			isa = XCSwiftPackageProductDependency;
			package = 67102F6A26DC42F000C435D7 /* XCRemoteSwiftPackageReference "amplify-ios" */;
			productName = Amplify;
		};
		67102F6D26DC42F000C435D7 /* AWSCognitoAuthPlugin */ = {
			isa = XCSwiftPackageProductDependency;
			package = 67102F6A26DC42F000C435D7 /* XCRemoteSwiftPackageReference "amplify-ios" */;
			productName = AWSCognitoAuthPlugin;
		};
		67102F6F26DC42F000C435D7 /* AWSS3StoragePlugin */ = {
			isa = XCSwiftPackageProductDependency;
			package = 67102F6A26DC42F000C435D7 /* XCRemoteSwiftPackageReference "amplify-ios" */;
			productName = AWSS3StoragePlugin;
		};
		67102F7126DC42F000C435D7 /* AWSAPIPlugin */ = {
			isa = XCSwiftPackageProductDependency;
			package = 67102F6A26DC42F000C435D7 /* XCRemoteSwiftPackageReference "amplify-ios" */;
			productName = AWSAPIPlugin;
		};
		67102F7326DC42F000C435D7 /* AWSDataStorePlugin */ = {
			isa = XCSwiftPackageProductDependency;
			package = 67102F6A26DC42F000C435D7 /* XCRemoteSwiftPackageReference "amplify-ios" */;
			productName = AWSDataStorePlugin;
		};
/* End XCSwiftPackageProductDependency section */
	};
	rootObject = 67102F3426DC414A00C435D7 /* Project object */;
}
